{
  "version": 4,
  "terraform_version": "1.11.4",
  "serial": 45,
  "lineage": "d1e827ef-1943-10dc-450b-81596e42ba56",
  "outputs": {
    "network_security_group_name": {
      "value": "framecloud-nsg",
      "type": "string"
    },
    "recovery_vault_name": {
      "value": "framecloud-backup-vault",
      "type": "string"
    },
    "resource_group_name": {
      "value": "framecloud-core",
      "type": "string"
    },
    "subnet_names": {
      "value": [
        "frontend",
        "backend",
        "database"
      ],
      "type": [
        "tuple",
        [
          "string",
          "string",
          "string"
        ]
      ]
    },
    "virtual_network_name": {
      "value": "framecloud-vnet",
      "type": "string"
    }
  },
  "resources": [
    {
      "mode": "managed",
      "type": "azuread_group",
      "name": "admins",
      "provider": "provider[\"registry.terraform.io/hashicorp/azuread\"]",
      "instances": [
        {
          "schema_version": 1,
          "attributes": {
            "administrative_unit_ids": [],
            "assignable_to_role": false,
            "auto_subscribe_new_members": false,
            "behaviors": [],
            "description": "",
            "display_name": "framecloud-admins",
            "dynamic_membership": [],
            "external_senders_allowed": false,
            "hide_from_address_lists": false,
            "hide_from_outlook_clients": false,
            "id": "/groups/fadc78a2-113d-44cb-a751-2cf3fd959a9b",
            "mail": "",
            "mail_enabled": false,
            "mail_nickname": "framecloud-admins",
            "members": [],
            "object_id": "fadc78a2-113d-44cb-a751-2cf3fd959a9b",
            "onpremises_domain_name": "",
            "onpremises_group_type": "",
            "onpremises_netbios_name": "",
            "onpremises_sam_account_name": "",
            "onpremises_security_identifier": "",
            "onpremises_sync_enabled": false,
            "owners": [
              "41436553-ac7a-4936-8b5a-869f9a5b2ad7"
            ],
            "preferred_language": "",
            "prevent_duplicate_names": false,
            "provisioning_options": [],
            "proxy_addresses": [],
            "security_enabled": true,
            "theme": "",
            "timeouts": null,
            "types": [],
            "visibility": "Private",
            "writeback_enabled": false
          },
          "sensitive_attributes": [],
          "private": "eyJlMmJmYjczMC1lY2FhLTExZTYtOGY4OC0zNDM2M2JjN2M0YzAiOnsiY3JlYXRlIjoxMjAwMDAwMDAwMDAwLCJkZWxldGUiOjMwMDAwMDAwMDAwMCwicmVhZCI6MzAwMDAwMDAwMDAwLCJ1cGRhdGUiOjEyMDAwMDAwMDAwMDB9LCJzY2hlbWFfdmVyc2lvbiI6IjEifQ=="
        }
      ]
    },
    {
      "mode": "managed",
      "type": "azuread_group",
      "name": "developers",
      "provider": "provider[\"registry.terraform.io/hashicorp/azuread\"]",
      "instances": [
        {
          "schema_version": 1,
          "attributes": {
            "administrative_unit_ids": [],
            "assignable_to_role": false,
            "auto_subscribe_new_members": false,
            "behaviors": [],
            "description": "",
            "display_name": "framecloud-devs",
            "dynamic_membership": [],
            "external_senders_allowed": false,
            "hide_from_address_lists": false,
            "hide_from_outlook_clients": false,
            "id": "/groups/211a0247-c177-499f-b7bb-d157ce9090d8",
            "mail": "",
            "mail_enabled": false,
            "mail_nickname": "framecloud-devs",
            "members": [],
            "object_id": "211a0247-c177-499f-b7bb-d157ce9090d8",
            "onpremises_domain_name": "",
            "onpremises_group_type": "",
            "onpremises_netbios_name": "",
            "onpremises_sam_account_name": "",
            "onpremises_security_identifier": "",
            "onpremises_sync_enabled": false,
            "owners": [
              "41436553-ac7a-4936-8b5a-869f9a5b2ad7"
            ],
            "preferred_language": "",
            "prevent_duplicate_names": false,
            "provisioning_options": [],
            "proxy_addresses": [],
            "security_enabled": true,
            "theme": "",
            "timeouts": null,
            "types": [],
            "visibility": "Private",
            "writeback_enabled": false
          },
          "sensitive_attributes": [],
          "private": "eyJlMmJmYjczMC1lY2FhLTExZTYtOGY4OC0zNDM2M2JjN2M0YzAiOnsiY3JlYXRlIjoxMjAwMDAwMDAwMDAwLCJkZWxldGUiOjMwMDAwMDAwMDAwMCwicmVhZCI6MzAwMDAwMDAwMDAwLCJ1cGRhdGUiOjEyMDAwMDAwMDAwMDB9LCJzY2hlbWFfdmVyc2lvbiI6IjEifQ=="
        }
      ]
    },
    {
      "mode": "managed",
      "type": "azurerm_log_analytics_workspace",
      "name": "logs",
      "provider": "provider[\"registry.terraform.io/hashicorp/azurerm\"]",
      "instances": [
        {
          "schema_version": 3,
          "attributes": {
            "allow_resource_only_permissions": true,
            "cmk_for_query_forced": false,
            "daily_quota_gb": -1,
            "data_collection_rule_id": "",
            "id": "/subscriptions/55ce5f99-167e-4aa6-a6f1-5974c323e01c/resourceGroups/framecloud-core/providers/Microsoft.OperationalInsights/workspaces/framecloud-logs",
            "identity": [],
            "immediate_data_purge_on_30_days_enabled": false,
            "internet_ingestion_enabled": true,
            "internet_query_enabled": true,
            "local_authentication_disabled": false,
            "location": "westeurope",
            "name": "framecloud-logs",
            "primary_shared_key": "ku3DtVPDz3ojAPY+l704I+i55JoCOVvgtLwwymBwpcT3gucM+Ud720rtwHf/x9agyuGr+gcfJnLgAt9bRDzqOQ==",
            "reservation_capacity_in_gb_per_day": null,
            "resource_group_name": "framecloud-core",
            "retention_in_days": 30,
            "secondary_shared_key": "EPpGZUFzFRDIJ0P3zEEQYj08ofmRAdBGpYS0fG1qfOEcHg/3MJl0Ldnqj8OQQkZHjXrifjuy0U0YV7waqqE1tA==",
            "sku": "PerGB2018",
            "tags": {
              "environment": "FrameCloud"
            },
            "timeouts": null,
            "workspace_id": "8abceb4d-795f-49a5-80c0-dabab5fe5941"
          },
          "sensitive_attributes": [
            [
              {
                "type": "get_attr",
                "value": "secondary_shared_key"
              }
            ],
            [
              {
                "type": "get_attr",
                "value": "primary_shared_key"
              }
            ]
          ],
          "private": "eyJlMmJmYjczMC1lY2FhLTExZTYtOGY4OC0zNDM2M2JjN2M0YzAiOnsiY3JlYXRlIjoxODAwMDAwMDAwMDAwLCJkZWxldGUiOjE4MDAwMDAwMDAwMDAsInJlYWQiOjMwMDAwMDAwMDAwMCwidXBkYXRlIjoxODAwMDAwMDAwMDAwfSwic2NoZW1hX3ZlcnNpb24iOiIzIn0="
        }
      ]
    },
    {
      "mode": "managed",
      "type": "azurerm_monitor_diagnostic_setting",
      "name": "nsg_logs",
      "provider": "provider[\"registry.terraform.io/hashicorp/azurerm\"]",
      "instances": [
        {
          "schema_version": 0,
          "attributes": {
            "enabled_log": [
              {
                "category": "NetworkSecurityGroupEvent",
                "category_group": "",
                "retention_policy": [
                  {
                    "days": 0,
                    "enabled": false
                  }
                ]
              },
              {
                "category": "NetworkSecurityGroupRuleCounter",
                "category_group": "",
                "retention_policy": [
                  {
                    "days": 0,
                    "enabled": false
                  }
                ]
              }
            ],
            "eventhub_authorization_rule_id": "",
            "eventhub_name": "",
            "id": "/subscriptions/55ce5f99-167e-4aa6-a6f1-5974c323e01c/resourceGroups/framecloud-core/providers/Microsoft.Network/networkSecurityGroups/framecloud-nsg|nsg-diagnostics",
            "log_analytics_destination_type": "",
            "log_analytics_workspace_id": "/subscriptions/55ce5f99-167e-4aa6-a6f1-5974c323e01c/resourceGroups/framecloud-core/providers/Microsoft.OperationalInsights/workspaces/framecloud-logs",
            "metric": [],
            "name": "nsg-diagnostics",
            "partner_solution_id": null,
            "storage_account_id": null,
            "target_resource_id": "/subscriptions/55ce5f99-167e-4aa6-a6f1-5974c323e01c/resourceGroups/framecloud-core/providers/Microsoft.Network/networkSecurityGroups/framecloud-nsg",
            "timeouts": null
          },
          "sensitive_attributes": [],
          "private": "eyJlMmJmYjczMC1lY2FhLTExZTYtOGY4OC0zNDM2M2JjN2M0YzAiOnsiY3JlYXRlIjoxODAwMDAwMDAwMDAwLCJkZWxldGUiOjM2MDAwMDAwMDAwMDAsInJlYWQiOjMwMDAwMDAwMDAwMCwidXBkYXRlIjoxODAwMDAwMDAwMDAwfX0=",
          "dependencies": [
            "azurerm_log_analytics_workspace.logs",
            "azurerm_network_security_group.nsg",
            "azurerm_resource_group.rg"
          ]
        }
      ]
    },
    {
      "mode": "managed",
      "type": "azurerm_network_security_group",
      "name": "nsg",
      "provider": "provider[\"registry.terraform.io/hashicorp/azurerm\"]",
      "instances": [
        {
          "schema_version": 0,
          "attributes": {
            "id": "/subscriptions/55ce5f99-167e-4aa6-a6f1-5974c323e01c/resourceGroups/framecloud-core/providers/Microsoft.Network/networkSecurityGroups/framecloud-nsg",
            "location": "westeurope",
            "name": "framecloud-nsg",
            "resource_group_name": "framecloud-core",
            "security_rule": [],
            "tags": {},
            "timeouts": null
          },
          "sensitive_attributes": [],
          "private": "eyJlMmJmYjczMC1lY2FhLTExZTYtOGY4OC0zNDM2M2JjN2M0YzAiOnsiY3JlYXRlIjoxODAwMDAwMDAwMDAwLCJkZWxldGUiOjE4MDAwMDAwMDAwMDAsInJlYWQiOjMwMDAwMDAwMDAwMCwidXBkYXRlIjoxODAwMDAwMDAwMDAwfX0=",
          "dependencies": [
            "azurerm_resource_group.rg"
          ]
        }
      ]
    },
    {
      "mode": "managed",
      "type": "azurerm_recovery_services_vault",
      "name": "backup_vault",
      "provider": "provider[\"registry.terraform.io/hashicorp/azurerm\"]",
      "instances": [
        {
          "schema_version": 0,
          "attributes": {
            "classic_vmware_replication_enabled": false,
            "cross_region_restore_enabled": false,
            "encryption": [],
            "id": "/subscriptions/55ce5f99-167e-4aa6-a6f1-5974c323e01c/resourceGroups/framecloud-core/providers/Microsoft.RecoveryServices/vaults/framecloud-backup-vault",
            "identity": [],
            "immutability": "Disabled",
            "location": "westeurope",
            "monitoring": [],
            "name": "framecloud-backup-vault",
            "public_network_access_enabled": true,
            "resource_group_name": "framecloud-core",
            "sku": "Standard",
            "soft_delete_enabled": true,
            "storage_mode_type": "GeoRedundant",
            "tags": {
              "environment": "FrameCloud"
            },
            "timeouts": null
          },
          "sensitive_attributes": [],
          "private": "eyJlMmJmYjczMC1lY2FhLTExZTYtOGY4OC0zNDM2M2JjN2M0YzAiOnsiY3JlYXRlIjo3MjAwMDAwMDAwMDAwLCJkZWxldGUiOjE4MDAwMDAwMDAwMDAsInJlYWQiOjMwMDAwMDAwMDAwMCwidXBkYXRlIjozNjAwMDAwMDAwMDAwfX0="
        }
      ]
    },
    {
      "mode": "managed",
      "type": "azurerm_resource_group",
      "name": "rg",
      "provider": "provider[\"registry.terraform.io/hashicorp/azurerm\"]",
      "instances": [
        {
          "schema_version": 0,
          "attributes": {
            "id": "/subscriptions/55ce5f99-167e-4aa6-a6f1-5974c323e01c/resourceGroups/framecloud-core",
            "location": "westeurope",
            "managed_by": "",
            "name": "framecloud-core",
            "tags": {},
            "timeouts": null
          },
          "sensitive_attributes": [],
          "private": "eyJlMmJmYjczMC1lY2FhLTExZTYtOGY4OC0zNDM2M2JjN2M0YzAiOnsiY3JlYXRlIjo1NDAwMDAwMDAwMDAwLCJkZWxldGUiOjU0MDAwMDAwMDAwMDAsInJlYWQiOjMwMDAwMDAwMDAwMCwidXBkYXRlIjo1NDAwMDAwMDAwMDAwfX0="
        }
      ]
    },
    {
      "mode": "managed",
      "type": "azurerm_role_assignment",
      "name": "admin_role",
      "provider": "provider[\"registry.terraform.io/hashicorp/azurerm\"]",
      "instances": [
        {
          "schema_version": 0,
          "attributes": {
            "condition": "",
            "condition_version": "",
            "delegated_managed_identity_resource_id": "",
            "description": "",
            "id": "/subscriptions/55ce5f99-167e-4aa6-a6f1-5974c323e01c/resourceGroups/framecloud-core/providers/Microsoft.Authorization/roleAssignments/657a177e-d2ea-4b3d-1f8f-b3bfa67d3571",
            "name": "657a177e-d2ea-4b3d-1f8f-b3bfa67d3571",
            "principal_id": "fadc78a2-113d-44cb-a751-2cf3fd959a9b",
            "principal_type": "Group",
            "role_definition_id": "/subscriptions/55ce5f99-167e-4aa6-a6f1-5974c323e01c/providers/Microsoft.Authorization/roleDefinitions/8e3af657-a8ff-443c-a75c-2fe8c4bcb635",
            "role_definition_name": "Owner",
            "scope": "/subscriptions/55ce5f99-167e-4aa6-a6f1-5974c323e01c/resourceGroups/framecloud-core",
            "skip_service_principal_aad_check": null,
            "timeouts": null
          },
          "sensitive_attributes": [],
          "private": "eyJlMmJmYjczMC1lY2FhLTExZTYtOGY4OC0zNDM2M2JjN2M0YzAiOnsiY3JlYXRlIjoxODAwMDAwMDAwMDAwLCJkZWxldGUiOjE4MDAwMDAwMDAwMDAsInJlYWQiOjMwMDAwMDAwMDAwMH19",
          "dependencies": [
            "azuread_group.admins",
            "azurerm_resource_group.rg"
          ]
        }
      ]
    },
    {
      "mode": "managed",
      "type": "azurerm_role_assignment",
      "name": "dev_role",
      "provider": "provider[\"registry.terraform.io/hashicorp/azurerm\"]",
      "instances": [
        {
          "schema_version": 0,
          "attributes": {
            "condition": "",
            "condition_version": "",
            "delegated_managed_identity_resource_id": "",
            "description": "",
            "id": "/subscriptions/55ce5f99-167e-4aa6-a6f1-5974c323e01c/resourceGroups/framecloud-core/providers/Microsoft.Authorization/roleAssignments/7c927e3c-67e2-c845-c7dd-be7822c1a114",
            "name": "7c927e3c-67e2-c845-c7dd-be7822c1a114",
            "principal_id": "211a0247-c177-499f-b7bb-d157ce9090d8",
            "principal_type": "Group",
            "role_definition_id": "/subscriptions/55ce5f99-167e-4aa6-a6f1-5974c323e01c/providers/Microsoft.Authorization/roleDefinitions/acdd72a7-3385-48ef-bd42-f606fba81ae7",
            "role_definition_name": "Reader",
            "scope": "/subscriptions/55ce5f99-167e-4aa6-a6f1-5974c323e01c/resourceGroups/framecloud-core",
            "skip_service_principal_aad_check": null,
            "timeouts": null
          },
          "sensitive_attributes": [],
          "private": "eyJlMmJmYjczMC1lY2FhLTExZTYtOGY4OC0zNDM2M2JjN2M0YzAiOnsiY3JlYXRlIjoxODAwMDAwMDAwMDAwLCJkZWxldGUiOjE4MDAwMDAwMDAwMDAsInJlYWQiOjMwMDAwMDAwMDAwMH19",
          "dependencies": [
            "azuread_group.developers",
            "azurerm_resource_group.rg"
          ]
        }
      ]
    },
    {
      "mode": "managed",
      "type": "azurerm_subnet",
      "name": "backend",
      "provider": "provider[\"registry.terraform.io/hashicorp/azurerm\"]",
      "instances": [
        {
          "schema_version": 0,
          "attributes": {
            "address_prefixes": [
              "10.0.2.0/24"
            ],
            "default_outbound_access_enabled": true,
            "delegation": [],
            "id": "/subscriptions/55ce5f99-167e-4aa6-a6f1-5974c323e01c/resourceGroups/framecloud-core/providers/Microsoft.Network/virtualNetworks/framecloud-vnet/subnets/backend",
            "name": "backend",
            "private_endpoint_network_policies": "Disabled",
            "private_link_service_network_policies_enabled": true,
            "resource_group_name": "framecloud-core",
            "service_endpoint_policy_ids": [],
            "service_endpoints": [],
            "timeouts": null,
            "virtual_network_name": "framecloud-vnet"
          },
          "sensitive_attributes": [],
          "private": "eyJlMmJmYjczMC1lY2FhLTExZTYtOGY4OC0zNDM2M2JjN2M0YzAiOnsiY3JlYXRlIjoxODAwMDAwMDAwMDAwLCJkZWxldGUiOjE4MDAwMDAwMDAwMDAsInJlYWQiOjMwMDAwMDAwMDAwMCwidXBkYXRlIjoxODAwMDAwMDAwMDAwfX0=",
          "dependencies": [
            "azurerm_resource_group.rg",
            "azurerm_virtual_network.vnet"
          ]
        }
      ]
    },
    {
      "mode": "managed",
      "type": "azurerm_subnet",
      "name": "database",
      "provider": "provider[\"registry.terraform.io/hashicorp/azurerm\"]",
      "instances": [
        {
          "schema_version": 0,
          "attributes": {
            "address_prefixes": [
              "10.0.3.0/24"
            ],
            "default_outbound_access_enabled": true,
            "delegation": [],
            "id": "/subscriptions/55ce5f99-167e-4aa6-a6f1-5974c323e01c/resourceGroups/framecloud-core/providers/Microsoft.Network/virtualNetworks/framecloud-vnet/subnets/database",
            "name": "database",
            "private_endpoint_network_policies": "Disabled",
            "private_link_service_network_policies_enabled": true,
            "resource_group_name": "framecloud-core",
            "service_endpoint_policy_ids": [],
            "service_endpoints": [],
            "timeouts": null,
            "virtual_network_name": "framecloud-vnet"
          },
          "sensitive_attributes": [],
          "private": "eyJlMmJmYjczMC1lY2FhLTExZTYtOGY4OC0zNDM2M2JjN2M0YzAiOnsiY3JlYXRlIjoxODAwMDAwMDAwMDAwLCJkZWxldGUiOjE4MDAwMDAwMDAwMDAsInJlYWQiOjMwMDAwMDAwMDAwMCwidXBkYXRlIjoxODAwMDAwMDAwMDAwfX0=",
          "dependencies": [
            "azurerm_resource_group.rg",
            "azurerm_virtual_network.vnet"
          ]
        }
      ]
    },
    {
      "mode": "managed",
      "type": "azurerm_subnet",
      "name": "frontend",
      "provider": "provider[\"registry.terraform.io/hashicorp/azurerm\"]",
      "instances": [
        {
          "schema_version": 0,
          "attributes": {
            "address_prefixes": [
              "10.0.1.0/24"
            ],
            "default_outbound_access_enabled": true,
            "delegation": [],
            "id": "/subscriptions/55ce5f99-167e-4aa6-a6f1-5974c323e01c/resourceGroups/framecloud-core/providers/Microsoft.Network/virtualNetworks/framecloud-vnet/subnets/frontend",
            "name": "frontend",
            "private_endpoint_network_policies": "Disabled",
            "private_link_service_network_policies_enabled": true,
            "resource_group_name": "framecloud-core",
            "service_endpoint_policy_ids": [],
            "service_endpoints": [],
            "timeouts": null,
            "virtual_network_name": "framecloud-vnet"
          },
          "sensitive_attributes": [],
          "private": "eyJlMmJmYjczMC1lY2FhLTExZTYtOGY4OC0zNDM2M2JjN2M0YzAiOnsiY3JlYXRlIjoxODAwMDAwMDAwMDAwLCJkZWxldGUiOjE4MDAwMDAwMDAwMDAsInJlYWQiOjMwMDAwMDAwMDAwMCwidXBkYXRlIjoxODAwMDAwMDAwMDAwfX0=",
          "dependencies": [
            "azurerm_resource_group.rg",
            "azurerm_virtual_network.vnet"
          ]
        }
      ]
    },
    {
      "mode": "managed",
      "type": "azurerm_subnet_network_security_group_association",
      "name": "backend",
      "provider": "provider[\"registry.terraform.io/hashicorp/azurerm\"]",
      "instances": [
        {
          "schema_version": 0,
          "attributes": {
            "id": "/subscriptions/55ce5f99-167e-4aa6-a6f1-5974c323e01c/resourceGroups/framecloud-core/providers/Microsoft.Network/virtualNetworks/framecloud-vnet/subnets/backend",
            "network_security_group_id": "/subscriptions/55ce5f99-167e-4aa6-a6f1-5974c323e01c/resourceGroups/framecloud-core/providers/Microsoft.Network/networkSecurityGroups/framecloud-nsg",
            "subnet_id": "/subscriptions/55ce5f99-167e-4aa6-a6f1-5974c323e01c/resourceGroups/framecloud-core/providers/Microsoft.Network/virtualNetworks/framecloud-vnet/subnets/backend",
            "timeouts": null
          },
          "sensitive_attributes": [],
          "private": "eyJlMmJmYjczMC1lY2FhLTExZTYtOGY4OC0zNDM2M2JjN2M0YzAiOnsiY3JlYXRlIjoxODAwMDAwMDAwMDAwLCJkZWxldGUiOjE4MDAwMDAwMDAwMDAsInJlYWQiOjMwMDAwMDAwMDAwMH19",
          "dependencies": [
            "azurerm_network_security_group.nsg",
            "azurerm_resource_group.rg",
            "azurerm_subnet.backend",
            "azurerm_virtual_network.vnet"
          ]
        }
      ]
    },
    {
      "mode": "managed",
      "type": "azurerm_subnet_network_security_group_association",
      "name": "database",
      "provider": "provider[\"registry.terraform.io/hashicorp/azurerm\"]",
      "instances": [
        {
          "schema_version": 0,
          "attributes": {
            "id": "/subscriptions/55ce5f99-167e-4aa6-a6f1-5974c323e01c/resourceGroups/framecloud-core/providers/Microsoft.Network/virtualNetworks/framecloud-vnet/subnets/database",
            "network_security_group_id": "/subscriptions/55ce5f99-167e-4aa6-a6f1-5974c323e01c/resourceGroups/framecloud-core/providers/Microsoft.Network/networkSecurityGroups/framecloud-nsg",
            "subnet_id": "/subscriptions/55ce5f99-167e-4aa6-a6f1-5974c323e01c/resourceGroups/framecloud-core/providers/Microsoft.Network/virtualNetworks/framecloud-vnet/subnets/database",
            "timeouts": null
          },
          "sensitive_attributes": [],
          "private": "eyJlMmJmYjczMC1lY2FhLTExZTYtOGY4OC0zNDM2M2JjN2M0YzAiOnsiY3JlYXRlIjoxODAwMDAwMDAwMDAwLCJkZWxldGUiOjE4MDAwMDAwMDAwMDAsInJlYWQiOjMwMDAwMDAwMDAwMH19",
          "dependencies": [
            "azurerm_network_security_group.nsg",
            "azurerm_resource_group.rg",
            "azurerm_subnet.database",
            "azurerm_virtual_network.vnet"
          ]
        }
      ]
    },
    {
      "mode": "managed",
      "type": "azurerm_subnet_network_security_group_association",
      "name": "frontend",
      "provider": "provider[\"registry.terraform.io/hashicorp/azurerm\"]",
      "instances": [
        {
          "schema_version": 0,
          "attributes": {
            "id": "/subscriptions/55ce5f99-167e-4aa6-a6f1-5974c323e01c/resourceGroups/framecloud-core/providers/Microsoft.Network/virtualNetworks/framecloud-vnet/subnets/frontend",
            "network_security_group_id": "/subscriptions/55ce5f99-167e-4aa6-a6f1-5974c323e01c/resourceGroups/framecloud-core/providers/Microsoft.Network/networkSecurityGroups/framecloud-nsg",
            "subnet_id": "/subscriptions/55ce5f99-167e-4aa6-a6f1-5974c323e01c/resourceGroups/framecloud-core/providers/Microsoft.Network/virtualNetworks/framecloud-vnet/subnets/frontend",
            "timeouts": null
          },
          "sensitive_attributes": [],
          "private": "eyJlMmJmYjczMC1lY2FhLTExZTYtOGY4OC0zNDM2M2JjN2M0YzAiOnsiY3JlYXRlIjoxODAwMDAwMDAwMDAwLCJkZWxldGUiOjE4MDAwMDAwMDAwMDAsInJlYWQiOjMwMDAwMDAwMDAwMH19",
          "dependencies": [
            "azurerm_network_security_group.nsg",
            "azurerm_resource_group.rg",
            "azurerm_subnet.frontend",
            "azurerm_virtual_network.vnet"
          ]
        }
      ]
    },
    {
      "mode": "managed",
      "type": "azurerm_virtual_network",
      "name": "vnet",
      "provider": "provider[\"registry.terraform.io/hashicorp/azurerm\"]",
      "instances": [
        {
          "schema_version": 0,
          "attributes": {
            "address_space": [
              "10.0.0.0/16"
            ],
            "bgp_community": "",
            "ddos_protection_plan": [],
            "dns_servers": [],
            "edge_zone": "",
            "encryption": [],
            "flow_timeout_in_minutes": 0,
            "guid": "9e5a9344-ce6d-4776-b39b-0f62c58e4c92",
            "id": "/subscriptions/55ce5f99-167e-4aa6-a6f1-5974c323e01c/resourceGroups/framecloud-core/providers/Microsoft.Network/virtualNetworks/framecloud-vnet",
            "location": "westeurope",
            "name": "framecloud-vnet",
            "private_endpoint_vnet_policies": "Disabled",
            "resource_group_name": "framecloud-core",
            "subnet": [
              {
                "address_prefixes": [
                  "10.0.1.0/24"
                ],
                "default_outbound_access_enabled": true,
                "delegation": [],
                "id": "/subscriptions/55ce5f99-167e-4aa6-a6f1-5974c323e01c/resourceGroups/framecloud-core/providers/Microsoft.Network/virtualNetworks/framecloud-vnet/subnets/frontend",
                "name": "frontend",
                "private_endpoint_network_policies": "Disabled",
                "private_link_service_network_policies_enabled": true,
                "route_table_id": "",
                "security_group": "/subscriptions/55ce5f99-167e-4aa6-a6f1-5974c323e01c/resourceGroups/framecloud-core/providers/Microsoft.Network/networkSecurityGroups/framecloud-nsg",
                "service_endpoint_policy_ids": [],
                "service_endpoints": []
              },
              {
                "address_prefixes": [
                  "10.0.2.0/24"
                ],
                "default_outbound_access_enabled": true,
                "delegation": [],
                "id": "/subscriptions/55ce5f99-167e-4aa6-a6f1-5974c323e01c/resourceGroups/framecloud-core/providers/Microsoft.Network/virtualNetworks/framecloud-vnet/subnets/backend",
                "name": "backend",
                "private_endpoint_network_policies": "Disabled",
                "private_link_service_network_policies_enabled": true,
                "route_table_id": "",
                "security_group": "/subscriptions/55ce5f99-167e-4aa6-a6f1-5974c323e01c/resourceGroups/framecloud-core/providers/Microsoft.Network/networkSecurityGroups/framecloud-nsg",
                "service_endpoint_policy_ids": [],
                "service_endpoints": []
              },
              {
                "address_prefixes": [
                  "10.0.3.0/24"
                ],
                "default_outbound_access_enabled": true,
                "delegation": [],
                "id": "/subscriptions/55ce5f99-167e-4aa6-a6f1-5974c323e01c/resourceGroups/framecloud-core/providers/Microsoft.Network/virtualNetworks/framecloud-vnet/subnets/database",
                "name": "database",
                "private_endpoint_network_policies": "Disabled",
                "private_link_service_network_policies_enabled": true,
                "route_table_id": "",
                "security_group": "/subscriptions/55ce5f99-167e-4aa6-a6f1-5974c323e01c/resourceGroups/framecloud-core/providers/Microsoft.Network/networkSecurityGroups/framecloud-nsg",
                "service_endpoint_policy_ids": [],
                "service_endpoints": []
              }
            ],
            "tags": {},
            "timeouts": null
          },
          "sensitive_attributes": [],
          "private": "eyJlMmJmYjczMC1lY2FhLTExZTYtOGY4OC0zNDM2M2JjN2M0YzAiOnsiY3JlYXRlIjoxODAwMDAwMDAwMDAwLCJkZWxldGUiOjE4MDAwMDAwMDAwMDAsInJlYWQiOjMwMDAwMDAwMDAwMCwidXBkYXRlIjoxODAwMDAwMDAwMDAwfX0=",
          "dependencies": [
            "azurerm_resource_group.rg"
          ]
        }
      ]
    }
  ],
  "check_results": null
}
